// !$*UTF8*$!
{
	archiveVersion = 1;
	classes = {
	};
	objectVersion = 56;
	objects = {

/* Begin PBXBuildFile section */
		7102025B2BE77E5200825A43 /* LandmarksList.swift in Sources */ = {isa = PBXBuildFile; fileRef = 7102025A2BE77E5200825A43 /* LandmarksList.swift */; };
		7102025D2BE7E90600825A43 /* LandmarkDetail.swift in Sources */ = {isa = PBXBuildFile; fileRef = 7102025C2BE7E90600825A43 /* LandmarkDetail.swift */; };
		71CC69112BE6CE7700C4FA82 /* LandmarksApp.swift in Sources */ = {isa = PBXBuildFile; fileRef = 71CC69102BE6CE7700C4FA82 /* LandmarksApp.swift */; };
		71CC69132BE6CE7700C4FA82 /* ContentView.swift in Sources */ = {isa = PBXBuildFile; fileRef = 71CC69122BE6CE7700C4FA82 /* ContentView.swift */; };
		71CC69152BE6CE7700C4FA82 /* Assets.xcassets in Resources */ = {isa = PBXBuildFile; fileRef = 71CC69142BE6CE7700C4FA82 /* Assets.xcassets */; };
		71CC69182BE6CE7700C4FA82 /* Preview Assets.xcassets in Resources */ = {isa = PBXBuildFile; fileRef = 71CC69172BE6CE7700C4FA82 /* Preview Assets.xcassets */; };
		71CC691F2BE6CE8900C4FA82 /* MapView.swift in Sources */ = {isa = PBXBuildFile; fileRef = 71CC691E2BE6CE8900C4FA82 /* MapView.swift */; };
		71CC69212BE6CEDA00C4FA82 /* CircleImage.swift in Sources */ = {isa = PBXBuildFile; fileRef = 71CC69202BE6CEDA00C4FA82 /* CircleImage.swift */; };
		71CC69232BE6CFAB00C4FA82 /* landmarkData.json in Resources */ = {isa = PBXBuildFile; fileRef = 71CC69222BE6CFAB00C4FA82 /* landmarkData.json */; };
		71CC69272BE6CFFA00C4FA82 /* Landmark.swift in Sources */ = {isa = PBXBuildFile; fileRef = 71CC69262BE6CFFA00C4FA82 /* Landmark.swift */; };
		71CC69292BE6D15C00C4FA82 /* ModelData.swift in Sources */ = {isa = PBXBuildFile; fileRef = 71CC69282BE6D15C00C4FA82 /* ModelData.swift */; };
		71CC692E2BE6DCE200C4FA82 /* LandmarkRow.swift in Sources */ = {isa = PBXBuildFile; fileRef = 71CC692D2BE6DCE200C4FA82 /* LandmarkRow.swift */; };
/* End PBXBuildFile section */

/* Begin PBXFileReference section */
		7102025A2BE77E5200825A43 /* LandmarksList.swift */ = {isa = PBXFileReference; lastKnownFileType = sourcecode.swift; path = LandmarksList.swift; sourceTree = "<group>"; };
		7102025C2BE7E90600825A43 /* LandmarkDetail.swift */ = {isa = PBXFileReference; lastKnownFileType = sourcecode.swift; path = LandmarkDetail.swift; sourceTree = "<group>"; };
		71CC690D2BE6CE7700C4FA82 /* Landmarks.app */ = {isa = PBXFileReference; explicitFileType = wrapper.application; includeInIndex = 0; path = Landmarks.app; sourceTree = BUILT_PRODUCTS_DIR; };
		71CC69102BE6CE7700C4FA82 /* LandmarksApp.swift */ = {isa = PBXFileReference; lastKnownFileType = sourcecode.swift; path = LandmarksApp.swift; sourceTree = "<group>"; };
		71CC69122BE6CE7700C4FA82 /* ContentView.swift */ = {isa = PBXFileReference; lastKnownFileType = sourcecode.swift; path = ContentView.swift; sourceTree = "<group>"; };
		71CC69142BE6CE7700C4FA82 /* Assets.xcassets */ = {isa = PBXFileReference; lastKnownFileType = folder.assetcatalog; path = Assets.xcassets; sourceTree = "<group>"; };
		71CC69172BE6CE7700C4FA82 /* Preview Assets.xcassets */ = {isa = PBXFileReference; lastKnownFileType = folder.assetcatalog; path = "Preview Assets.xcassets"; sourceTree = "<group>"; };
		71CC691E2BE6CE8900C4FA82 /* MapView.swift */ = {isa = PBXFileReference; lastKnownFileType = sourcecode.swift; path = MapView.swift; sourceTree = "<group>"; };
		71CC69202BE6CEDA00C4FA82 /* CircleImage.swift */ = {isa = PBXFileReference; lastKnownFileType = sourcecode.swift; path = CircleImage.swift; sourceTree = "<group>"; };
		71CC69222BE6CFAB00C4FA82 /* landmarkData.json */ = {isa = PBXFileReference; fileEncoding = 4; lastKnownFileType = text.json; path = landmarkData.json; sourceTree = "<group>"; };
		71CC69262BE6CFFA00C4FA82 /* Landmark.swift */ = {isa = PBXFileReference; lastKnownFileType = sourcecode.swift; path = Landmark.swift; sourceTree = "<group>"; };
		71CC69282BE6D15C00C4FA82 /* ModelData.swift */ = {isa = PBXFileReference; lastKnownFileType = sourcecode.swift; path = ModelData.swift; sourceTree = "<group>"; };
		71CC692D2BE6DCE200C4FA82 /* LandmarkRow.swift */ = {isa = PBXFileReference; lastKnownFileType = sourcecode.swift; path = LandmarkRow.swift; sourceTree = "<group>"; };
/* End PBXFileReference section */

/* Begin PBXFrameworksBuildPhase section */
		71CC690A2BE6CE7700C4FA82 /* Frameworks */ = {
			isa = PBXFrameworksBuildPhase;
			buildActionMask = 2147483647;
			files = (
			);
			runOnlyForDeploymentPostprocessing = 0;
		};
/* End PBXFrameworksBuildPhase section */

/* Begin PBXGroup section */
		71CC69042BE6CE7700C4FA82 = {
			isa = PBXGroup;
			children = (
				71CC690F2BE6CE7700C4FA82 /* Landmarks */,
				71CC690E2BE6CE7700C4FA82 /* Products */,
			);
			sourceTree = "<group>";
		};
		71CC690E2BE6CE7700C4FA82 /* Products */ = {
			isa = PBXGroup;
			children = (
				71CC690D2BE6CE7700C4FA82 /* Landmarks.app */,
			);
			name = Products;
			sourceTree = "<group>";
		};
		71CC690F2BE6CE7700C4FA82 /* Landmarks */ = {
			isa = PBXGroup;
			children = (
				71CC69102BE6CE7700C4FA82 /* LandmarksApp.swift */,
				71CC692A2BE6DC6400C4FA82 /* Views */,
				71CC692B2BE6DC8B00C4FA82 /* Model */,
				71CC692C2BE6DC9600C4FA82 /* Resources */,
				71CC69142BE6CE7700C4FA82 /* Assets.xcassets */,
				71CC69162BE6CE7700C4FA82 /* Preview Content */,
			);
			path = Landmarks;
			sourceTree = "<group>";
		};
		71CC69162BE6CE7700C4FA82 /* Preview Content */ = {
			isa = PBXGroup;
			children = (
				71CC69172BE6CE7700C4FA82 /* Preview Assets.xcassets */,
			);
			path = "Preview Content";
			sourceTree = "<group>";
		};
		71CC692A2BE6DC6400C4FA82 /* Views */ = {
			isa = PBXGroup;
			children = (
				71CC69122BE6CE7700C4FA82 /* ContentView.swift */,
				71CC691E2BE6CE8900C4FA82 /* MapView.swift */,
				71CC692D2BE6DCE200C4FA82 /* LandmarkRow.swift */,
				7102025A2BE77E5200825A43 /* LandmarksList.swift */,
				7102025C2BE7E90600825A43 /* LandmarkDetail.swift */,
				71CC69202BE6CEDA00C4FA82 /* CircleImage.swift */,
			);
			path = Views;
			sourceTree = "<group>";
		};
		71CC692B2BE6DC8B00C4FA82 /* Model */ = {
			isa = PBXGroup;
			children = (
				71CC69262BE6CFFA00C4FA82 /* Landmark.swift */,
				71CC69282BE6D15C00C4FA82 /* ModelData.swift */,
			);
			path = Model;
			sourceTree = "<group>";
		};
		71CC692C2BE6DC9600C4FA82 /* Resources */ = {
			isa = PBXGroup;
			children = (
				71CC69222BE6CFAB00C4FA82 /* landmarkData.json */,
			);
			path = Resources;
			sourceTree = "<group>";
		};
/* End PBXGroup section */

/* Begin PBXNativeTarget section */
		71CC690C2BE6CE7700C4FA82 /* Landmarks */ = {
			isa = PBXNativeTarget;
			buildConfigurationList = 71CC691B2BE6CE7700C4FA82 /* Build configuration list for PBXNativeTarget "Landmarks" */;
			buildPhases = (
				71CC69092BE6CE7700C4FA82 /* Sources */,
				71CC690A2BE6CE7700C4FA82 /* Frameworks */,
				71CC690B2BE6CE7700C4FA82 /* Resources */,
			);
			buildRules = (
			);
			dependencies = (
			);
			name = Landmarks;
			productName = Landmarks;
			productReference = 71CC690D2BE6CE7700C4FA82 /* Landmarks.app */;
			productType = "com.apple.product-type.application";
		};
/* End PBXNativeTarget section */

/* Begin PBXProject section */
		71CC69052BE6CE7700C4FA82 /* Project object */ = {
			isa = PBXProject;
			attributes = {
				BuildIndependentTargetsInParallel = 1;
				LastSwiftUpdateCheck = 1530;
				LastUpgradeCheck = 1530;
				TargetAttributes = {
					71CC690C2BE6CE7700C4FA82 = {
						CreatedOnToolsVersion = 15.3;
					};
				};
			};
			buildConfigurationList = 71CC69082BE6CE7700C4FA82 /* Build configuration list for PBXProject "Landmarks" */;
			compatibilityVersion = "Xcode 14.0";
			developmentRegion = en;
			hasScannedForEncodings = 0;
			knownRegions = (
				en,
				Base,
			);
			mainGroup = 71CC69042BE6CE7700C4FA82;
			productRefGroup = 71CC690E2BE6CE7700C4FA82 /* Products */;
			projectDirPath = "";
			projectRoot = "";
			targets = (
				71CC690C2BE6CE7700C4FA82 /* Landmarks */,
			);
		};
/* End PBXProject section */

/* Begin PBXResourcesBuildPhase section */
		71CC690B2BE6CE7700C4FA82 /* Resources */ = {
			isa = PBXResourcesBuildPhase;
			buildActionMask = 2147483647;
			files = (
				71CC69182BE6CE7700C4FA82 /* Preview Assets.xcassets in Resources */,
				71CC69152BE6CE7700C4FA82 /* Assets.xcassets in Resources */,
				71CC69232BE6CFAB00C4FA82 /* landmarkData.json in Resources */,
			);
			runOnlyForDeploymentPostprocessing = 0;
		};
/* End PBXResourcesBuildPhase section */

/* Begin PBXSourcesBuildPhase section */
		71CC69092BE6CE7700C4FA82 /* Sources */ = {
			isa = PBXSourcesBuildPhase;
			buildActionMask = 2147483647;
			files = (
				71CC69132BE6CE7700C4FA82 /* ContentView.swift in Sources */,
				71CC69212BE6CEDA00C4FA82 /* CircleImage.swift in Sources */,
				71CC691F2BE6CE8900C4FA82 /* MapView.swift in Sources */,
				71CC69112BE6CE7700C4FA82 /* LandmarksApp.swift in Sources */,
				7102025D2BE7E90600825A43 /* LandmarkDetail.swift in Sources */,
				71CC69272BE6CFFA00C4FA82 /* Landmark.swift in Sources */,
				71CC692E2BE6DCE200C4FA82 /* LandmarkRow.swift in Sources */,
				71CC69292BE6D15C00C4FA82 /* ModelData.swift in Sources */,
				7102025B2BE77E5200825A43 /* LandmarksList.swift in Sources */,
			);
			runOnlyForDeploymentPostprocessing = 0;
		};
/* End PBXSourcesBuildPhase section */

/* Begin XCBuildConfiguration section */
		71CC69192BE6CE7700C4FA82 /* Debug */ = {
			isa = XCBuildConfiguration;
			buildSettings = {
				ALWAYS_SEARCH_USER_PATHS = NO;
				ASSETCATALOG_COMPILER_GENERATE_SWIFT_ASSET_SYMBOL_EXTENSIONS = YES;
				CLANG_ANALYZER_NONNULL = YES;
				CLANG_ANALYZER_NUMBER_OBJECT_CONVERSION = YES_AGGRESSIVE;
				CLANG_CXX_LANGUAGE_STANDARD = "gnu++20";
				CLANG_ENABLE_MODULES = YES;
				CLANG_ENABLE_OBJC_ARC = YES;
				CLANG_ENABLE_OBJC_WEAK = YES;
				CLANG_WARN_BLOCK_CAPTURE_AUTORELEASING = YES;
				CLANG_WARN_BOOL_CONVERSION = YES;
				CLANG_WARN_COMMA = YES;
				CLANG_WARN_CONSTANT_CONVERSION = YES;
				CLANG_WARN_DEPRECATED_OBJC_IMPLEMENTATIONS = YES;
				CLANG_WARN_DIRECT_OBJC_ISA_USAGE = YES_ERROR;
				CLANG_WARN_DOCUMENTATION_COMMENTS = YES;
				CLANG_WARN_EMPTY_BODY = YES;
				CLANG_WARN_ENUM_CONVERSION = YES;
				CLANG_WARN_INFINITE_RECURSION = YES;
				CLANG_WARN_INT_CONVERSION = YES;
				CLANG_WARN_NON_LITERAL_NULL_CONVERSION = YES;
				CLANG_WARN_OBJC_IMPLICIT_RETAIN_SELF = YES;
				CLANG_WARN_OBJC_LITERAL_CONVERSION = YES;
				CLANG_WARN_OBJC_ROOT_CLASS = YES_ERROR;
				CLANG_WARN_QUOTED_INCLUDE_IN_FRAMEWORK_HEADER = YES;
				CLANG_WARN_RANGE_LOOP_ANALYSIS = YES;
				CLANG_WARN_STRICT_PROTOTYPES = YES;
				CLANG_WARN_SUSPICIOUS_MOVE = YES;
				CLANG_WARN_UNGUARDED_AVAILABILITY = YES_AGGRESSIVE;
				CLANG_WARN_UNREACHABLE_CODE = YES;
				CLANG_WARN__DUPLICATE_METHOD_MATCH = YES;
				COPY_PHASE_STRIP = NO;
				DEBUG_INFORMATION_FORMAT = dwarf;
				ENABLE_STRICT_OBJC_MSGSEND = YES;
				ENABLE_TESTABILITY = YES;
				ENABLE_USER_SCRIPT_SANDBOXING = YES;
				GCC_C_LANGUAGE_STANDARD = gnu17;
				GCC_DYNAMIC_NO_PIC = NO;
				GCC_NO_COMMON_BLOCKS = YES;
				GCC_OPTIMIZATION_LEVEL = 0;
				GCC_PREPROCESSOR_DEFINITIONS = (
					"DEBUG=1",
					"$(inherited)",
				);
				GCC_WARN_64_TO_32_BIT_CONVERSION = YES;
				GCC_WARN_ABOUT_RETURN_TYPE = YES_ERROR;
				GCC_WARN_UNDECLARED_SELECTOR = YES;
				GCC_WARN_UNINITIALIZED_AUTOS = YES_AGGRESSIVE;
				GCC_WARN_UNUSED_FUNCTION = YES;
				GCC_WARN_UNUSED_VARIABLE = YES;
				IPHONEOS_DEPLOYMENT_TARGET = 17.4;
				LOCALIZATION_PREFERS_STRING_CATALOGS = YES;
				MTL_ENABLE_DEBUG_INFO = INCLUDE_SOURCE;
				MTL_FAST_MATH = YES;
				ONLY_ACTIVE_ARCH = YES;
				SDKROOT = iphoneos;
				SWIFT_ACTIVE_COMPILATION_CONDITIONS = "DEBUG $(inherited)";
				SWIFT_OPTIMIZATION_LEVEL = "-Onone";
			};
			name = Debug;
		};
		71CC691A2BE6CE7700C4FA82 /* Release */ = {
			isa = XCBuildConfiguration;
			buildSettings = {
				ALWAYS_SEARCH_USER_PATHS = NO;
				ASSETCATALOG_COMPILER_GENERATE_SWIFT_ASSET_SYMBOL_EXTENSIONS = YES;
				CLANG_ANALYZER_NONNULL = YES;
				CLANG_ANALYZER_NUMBER_OBJECT_CONVERSION = YES_AGGRESSIVE;
				CLANG_CXX_LANGUAGE_STANDARD = "gnu++20";
				CLANG_ENABLE_MODULES = YES;
				CLANG_ENABLE_OBJC_ARC = YES;
				CLANG_ENABLE_OBJC_WEAK = YES;
				CLANG_WARN_BLOCK_CAPTURE_AUTORELEASING = YES;
				CLANG_WARN_BOOL_CONVERSION = YES;
				CLANG_WARN_COMMA = YES;
				CLANG_WARN_CONSTANT_CONVERSION = YES;
				CLANG_WARN_DEPRECATED_OBJC_IMPLEMENTATIONS = YES;
				CLANG_WARN_DIRECT_OBJC_ISA_USAGE = YES_ERROR;
				CLANG_WARN_DOCUMENTATION_COMMENTS = YES;
				CLANG_WARN_EMPTY_BODY = YES;
				CLANG_WARN_ENUM_CONVERSION = YES;
				CLANG_WARN_INFINITE_RECURSION = YES;
				CLANG_WARN_INT_CONVERSION = YES;
				CLANG_WARN_NON_LITERAL_NULL_CONVERSION = YES;
				CLANG_WARN_OBJC_IMPLICIT_RETAIN_SELF = YES;
				CLANG_WARN_OBJC_LITERAL_CONVERSION = YES;
				CLANG_WARN_OBJC_ROOT_CLASS = YES_ERROR;
				CLANG_WARN_QUOTED_INCLUDE_IN_FRAMEWORK_HEADER = YES;
				CLANG_WARN_RANGE_LOOP_ANALYSIS = YES;
				CLANG_WARN_STRICT_PROTOTYPES = YES;
				CLANG_WARN_SUSPICIOUS_MOVE = YES;
				CLANG_WARN_UNGUARDED_AVAILABILITY = YES_AGGRESSIVE;
				CLANG_WARN_UNREACHABLE_CODE = YES;
				CLANG_WARN__DUPLICATE_METHOD_MATCH = YES;
				COPY_PHASE_STRIP = NO;
				DEBUG_INFORMATION_FORMAT = "dwarf-with-dsym";
				ENABLE_NS_ASSERTIONS = NO;
				ENABLE_STRICT_OBJC_MSGSEND = YES;
				ENABLE_USER_SCRIPT_SANDBOXING = YES;
				GCC_C_LANGUAGE_STANDARD = gnu17;
				GCC_NO_COMMON_BLOCKS = YES;
				GCC_WARN_64_TO_32_BIT_CONVERSION = YES;
				GCC_WARN_ABOUT_RETURN_TYPE = YES_ERROR;
				GCC_WARN_UNDECLARED_SELECTOR = YES;
				GCC_WARN_UNINITIALIZED_AUTOS = YES_AGGRESSIVE;
				GCC_WARN_UNUSED_FUNCTION = YES;
				GCC_WARN_UNUSED_VARIABLE = YES;
				IPHONEOS_DEPLOYMENT_TARGET = 17.4;
				LOCALIZATION_PREFERS_STRING_CATALOGS = YES;
				MTL_ENABLE_DEBUG_INFO = NO;
				MTL_FAST_MATH = YES;
				SDKROOT = iphoneos;
				SWIFT_COMPILATION_MODE = wholemodule;
				VALIDATE_PRODUCT = YES;
			};
			name = Release;
		};
		71CC691C2BE6CE7700C4FA82 /* Debug */ = {
			isa = XCBuildConfiguration;
			buildSettings = {
				ASSETCATALOG_COMPILER_APPICON_NAME = AppIcon;
				ASSETCATALOG_COMPILER_GLOBAL_ACCENT_COLOR_NAME = AccentColor;
				CODE_SIGN_STYLE = Automatic;
				CURRENT_PROJECT_VERSION = 1;
				DEVELOPMENT_ASSET_PATHS = "\"Landmarks/Preview Content\"";
				DEVELOPMENT_TEAM = 4VE88TTJZR;
				ENABLE_PREVIEWS = YES;
				GENERATE_INFOPLIST_FILE = YES;
				INFOPLIST_KEY_UIApplicationSceneManifest_Generation = YES;
				INFOPLIST_KEY_UIApplicationSupportsIndirectInputEvents = YES;
				INFOPLIST_KEY_UILaunchScreen_Generation = YES;
				INFOPLIST_KEY_UISupportedInterfaceOrientations_iPad = "UIInterfaceOrientationPortrait UIInterfaceOrientationPortraitUpsideDown UIInterfaceOrientationLandscapeLeft UIInterfaceOrientationLandscapeRight";
				INFOPLIST_KEY_UISupportedInterfaceOrientations_iPhone = "UIInterfaceOrientationPortrait UIInterfaceOrientationLandscapeLeft UIInterfaceOrientationLandscapeRight";
				LD_RUNPATH_SEARCH_PATHS = (
					"$(inherited)",
					"@executable_path/Frameworks",
				);
				MARKETING_VERSION = 1.0;
				PRODUCT_BUNDLE_IDENTIFIER = com.ray.Landmarks;
				PRODUCT_NAME = "$(TARGET_NAME)";
				SWIFT_EMIT_LOC_STRINGS = YES;
				SWIFT_VERSION = 5.0;
				TARGETED_DEVICE_FAMILY = "1,2";
			};
			name = Debug;
		};
		71CC691D2BE6CE7700C4FA82 /* Release */ = {
			isa = XCBuildConfiguration;
			buildSettings = {
				ASSETCATALOG_COMPILER_APPICON_NAME = AppIcon;
				ASSETCATALOG_COMPILER_GLOBAL_ACCENT_COLOR_NAME = AccentColor;
				CODE_SIGN_STYLE = Automatic;
				CURRENT_PROJECT_VERSION = 1;
				DEVELOPMENT_ASSET_PATHS = "\"Landmarks/Preview Content\"";
				DEVELOPMENT_TEAM = 4VE88TTJZR;
				ENABLE_PREVIEWS = YES;
				GENERATE_INFOPLIST_FILE = YES;
				INFOPLIST_KEY_UIApplicationSceneManifest_Generation = YES;
				INFOPLIST_KEY_UIApplicationSupportsIndirectInputEvents = YES;
				INFOPLIST_KEY_UILaunchScreen_Generation = YES;
				INFOPLIST_KEY_UISupportedInterfaceOrientations_iPad = "UIInterfaceOrientationPortrait UIInterfaceOrientationPortraitUpsideDown UIInterfaceOrientationLandscapeLeft UIInterfaceOrientationLandscapeRight";
				INFOPLIST_KEY_UISupportedInterfaceOrientations_iPhone = "UIInterfaceOrientationPortrait UIInterfaceOrientationLandscapeLeft UIInterfaceOrientationLandscapeRight";
				LD_RUNPATH_SEARCH_PATHS = (
					"$(inherited)",
					"@executable_path/Frameworks",
				);
				MARKETING_VERSION = 1.0;
				PRODUCT_BUNDLE_IDENTIFIER = com.ray.Landmarks;
				PRODUCT_NAME = "$(TARGET_NAME)";
				SWIFT_EMIT_LOC_STRINGS = YES;
				SWIFT_VERSION = 5.0;
				TARGETED_DEVICE_FAMILY = "1,2";
			};
			name = Release;
		};
/* End XCBuildConfiguration section */

/* Begin XCConfigurationList section */
		71CC69082BE6CE7700C4FA82 /* Build configuration list for PBXProject "Landmarks" */ = {
			isa = XCConfigurationList;
			buildConfigurations = (
				71CC69192BE6CE7700C4FA82 /* Debug */,
				71CC691A2BE6CE7700C4FA82 /* Release */,
			);
			defaultConfigurationIsVisible = 0;
			defaultConfigurationName = Release;
		};
		71CC691B2BE6CE7700C4FA82 /* Build configuration list for PBXNativeTarget "Landmarks" */ = {
			isa = XCConfigurationList;
			buildConfigurations = (
				71CC691C2BE6CE7700C4FA82 /* Debug */,
				71CC691D2BE6CE7700C4FA82 /* Release */,
			);
			defaultConfigurationIsVisible = 0;
			defaultConfigurationName = Release;
		};
/* End XCConfigurationList section */
	};
	rootObject = 71CC69052BE6CE7700C4FA82 /* Project object */;
}
